
Microsoft Visual Studio Solution File, Format Version 12.00
# Visual Studio Version 17
VisualStudioVersion = 17.5.33516.290
MinimumVisualStudioVersion = 10.0.40219.1
Project("{FAE04EC0-301F-11D3-BF4B-00C04F79EFBC}") = "opengloves-osc", "opengloves-osc\opengloves-osc.csproj", "{57A61514-BF07-4E25-A8A8-C6234F5DD0E1}"
EndProject
Global
	GlobalSection(SolutionConfigurationPlatforms) = preSolution
		Debug|Any CPU = Debug|Any CPU
		Release|Any CPU = Release|Any CPU
	EndGlobalSection
	GlobalSection(ProjectConfigurationPlatforms) = postSolution
		{57A61514-BF07-4E25-A8A8-C6234F5DD0E1}.Debug|Any CPU.ActiveCfg = Debug|Any CPU
		{57A61514-BF07-4E25-A8A8-C6234F5DD0E1}.Debug|Any CPU.Build.0 = Debug|Any CPU
		{57A61514-BF07-4E25-A8A8-C6234F5DD0E1}.Release|Any CPU.ActiveCfg = Release|Any CPU
		{57A61514-BF07-4E25-A8A8-C6234F5DD0E1}.Release|Any CPU.Build.0 = Release|Any CPU
	EndGlobalSection
	GlobalSection(SolutionProperties) = preSolution
		HideSolutionNode = FALSE
	EndGlobalSection
	GlobalSection(ExtensibilityGlobals) = postSolution
		SolutionGuid = {0661A035-2C3E-4330-9006-6DE49F0C82BF}
	EndGlobalSection
EndGlobal
